
Microsoft Visual Studio Solution File, Format Version 12.00
# Visual Studio 15
Project("{FAE04EC0-301F-11D3-BF4B-00C04F79EFBC}") = "Machete.Web", "Machete.Web\Machete.Web.csproj", "{54F792E3-1F0A-4D05-8E03-D7F7583E1014}"
EndProject
Project("{FAE04EC0-301F-11D3-BF4B-00C04F79EFBC}") = "Machete.Domain", "Machete.Domain\Machete.Domain.csproj", "{48F672E8-4513-4F7E-A296-C0CCC87F9AA1}"
EndProject
Project("{FAE04EC0-301F-11D3-BF4B-00C04F79EFBC}") = "Machete.Data", "Machete.Data\Machete.Data.csproj", "{A9F879BC-CA11-4470-A655-8541B5DA41A1}"
EndProject
Global
	GlobalSection(SolutionConfigurationPlatforms) = preSolution
		Debug|Any CPU = Debug|Any CPU
		Release|Any CPU = Release|Any CPU
		StageProd|Any CPU = StageProd|Any CPU
		StageTest|Any CPU = StageTest|Any CPU
		CasaLatina|Any CPU = CasaLatina|Any CPU
		Cloud|Any CPU = Cloud|Any CPU
		MacheteTest|Any CPU = MacheteTest|Any CPU
		WorkersJustice|Any CPU = WorkersJustice|Any CPU
		PortlandVoz|Any CPU = PortlandVoz|Any CPU
		Southside|Any CPU = Southside|Any CPU
		DonBosco|Any CPU = DonBosco|Any CPU
		CentroHumanitario|Any CPU = CentroHumanitario|Any CPU
		SantaCruz|Any CPU = SantaCruz|Any CPU
		SanFrancisco|Any CPU = SanFrancisco|Any CPU
		Pomona|Any CPU = Pomona|Any CPU
		Pasadena|Any CPU = Pasadena|Any CPU
		Nice|Any CPU = Nice|Any CPU
		MountainView|Any CPU = MountainView|Any CPU
		Hayward|Any CPU = Hayward|Any CPU
		Graton|Any CPU = Graton|Any CPU
		ElCentro|Any CPU = ElCentro|Any CPU
		Concord|Any CPU = Concord|Any CPU
		Congreso|Any CPU = Congreso|Any CPU
		Alabama|Any CPU = Alabama|Any CPU
		WindofSpirit|Any CPU = WindofSpirit|Any CPU
		Cel|Any CPU = Cel|Any CPU
		localIIS|Any CPU = localIIS|Any CPU
		UAT-test|Any CPU = UAT-test|Any CPU
		Debug-no_nodejs_build|Any CPU = Debug-no_nodejs_build|Any CPU
	EndGlobalSection
	GlobalSection(ProjectConfigurationPlatforms) = postSolution
		{54F792E3-1F0A-4D05-8E03-D7F7583E1014}.Debug|Any CPU.ActiveCfg = Debug|Any CPU
		{54F792E3-1F0A-4D05-8E03-D7F7583E1014}.Debug|Any CPU.Build.0 = Debug|Any CPU
		{54F792E3-1F0A-4D05-8E03-D7F7583E1014}.Release|Any CPU.ActiveCfg = Release|Any CPU
		{54F792E3-1F0A-4D05-8E03-D7F7583E1014}.Release|Any CPU.Build.0 = Release|Any CPU
		{54F792E3-1F0A-4D05-8E03-D7F7583E1014}.StageProd|Any CPU.ActiveCfg = Debug|Any CPU
		{54F792E3-1F0A-4D05-8E03-D7F7583E1014}.StageProd|Any CPU.Build.0 = Debug|Any CPU
		{54F792E3-1F0A-4D05-8E03-D7F7583E1014}.StageTest|Any CPU.ActiveCfg = Debug|Any CPU
		{54F792E3-1F0A-4D05-8E03-D7F7583E1014}.StageTest|Any CPU.Build.0 = Debug|Any CPU
		{54F792E3-1F0A-4D05-8E03-D7F7583E1014}.CasaLatina|Any CPU.ActiveCfg = Debug|Any CPU
		{54F792E3-1F0A-4D05-8E03-D7F7583E1014}.CasaLatina|Any CPU.Build.0 = Debug|Any CPU
		{54F792E3-1F0A-4D05-8E03-D7F7583E1014}.Cloud|Any CPU.ActiveCfg = Debug|Any CPU
		{54F792E3-1F0A-4D05-8E03-D7F7583E1014}.Cloud|Any CPU.Build.0 = Debug|Any CPU
		{54F792E3-1F0A-4D05-8E03-D7F7583E1014}.MacheteTest|Any CPU.ActiveCfg = Debug|Any CPU
		{54F792E3-1F0A-4D05-8E03-D7F7583E1014}.MacheteTest|Any CPU.Build.0 = Debug|Any CPU
		{54F792E3-1F0A-4D05-8E03-D7F7583E1014}.WorkersJustice|Any CPU.ActiveCfg = Debug|Any CPU
		{54F792E3-1F0A-4D05-8E03-D7F7583E1014}.WorkersJustice|Any CPU.Build.0 = Debug|Any CPU
		{54F792E3-1F0A-4D05-8E03-D7F7583E1014}.PortlandVoz|Any CPU.ActiveCfg = Debug|Any CPU
		{54F792E3-1F0A-4D05-8E03-D7F7583E1014}.PortlandVoz|Any CPU.Build.0 = Debug|Any CPU
		{54F792E3-1F0A-4D05-8E03-D7F7583E1014}.Southside|Any CPU.ActiveCfg = Debug|Any CPU
		{54F792E3-1F0A-4D05-8E03-D7F7583E1014}.Southside|Any CPU.Build.0 = Debug|Any CPU
		{54F792E3-1F0A-4D05-8E03-D7F7583E1014}.DonBosco|Any CPU.ActiveCfg = Debug|Any CPU
		{54F792E3-1F0A-4D05-8E03-D7F7583E1014}.DonBosco|Any CPU.Build.0 = Debug|Any CPU
		{54F792E3-1F0A-4D05-8E03-D7F7583E1014}.CentroHumanitario|Any CPU.ActiveCfg = Debug|Any CPU
		{54F792E3-1F0A-4D05-8E03-D7F7583E1014}.CentroHumanitario|Any CPU.Build.0 = Debug|Any CPU
		{54F792E3-1F0A-4D05-8E03-D7F7583E1014}.SantaCruz|Any CPU.ActiveCfg = Debug|Any CPU
		{54F792E3-1F0A-4D05-8E03-D7F7583E1014}.SantaCruz|Any CPU.Build.0 = Debug|Any CPU
		{54F792E3-1F0A-4D05-8E03-D7F7583E1014}.SanFrancisco|Any CPU.ActiveCfg = Debug|Any CPU
		{54F792E3-1F0A-4D05-8E03-D7F7583E1014}.SanFrancisco|Any CPU.Build.0 = Debug|Any CPU
		{54F792E3-1F0A-4D05-8E03-D7F7583E1014}.Pomona|Any CPU.ActiveCfg = Debug|Any CPU
		{54F792E3-1F0A-4D05-8E03-D7F7583E1014}.Pomona|Any CPU.Build.0 = Debug|Any CPU
		{54F792E3-1F0A-4D05-8E03-D7F7583E1014}.Pasadena|Any CPU.ActiveCfg = Debug|Any CPU
		{54F792E3-1F0A-4D05-8E03-D7F7583E1014}.Pasadena|Any CPU.Build.0 = Debug|Any CPU
		{54F792E3-1F0A-4D05-8E03-D7F7583E1014}.Nice|Any CPU.ActiveCfg = Debug|Any CPU
		{54F792E3-1F0A-4D05-8E03-D7F7583E1014}.Nice|Any CPU.Build.0 = Debug|Any CPU
		{54F792E3-1F0A-4D05-8E03-D7F7583E1014}.MountainView|Any CPU.ActiveCfg = Debug|Any CPU
		{54F792E3-1F0A-4D05-8E03-D7F7583E1014}.MountainView|Any CPU.Build.0 = Debug|Any CPU
		{54F792E3-1F0A-4D05-8E03-D7F7583E1014}.Hayward|Any CPU.ActiveCfg = Debug|Any CPU
		{54F792E3-1F0A-4D05-8E03-D7F7583E1014}.Hayward|Any CPU.Build.0 = Debug|Any CPU
		{54F792E3-1F0A-4D05-8E03-D7F7583E1014}.Graton|Any CPU.ActiveCfg = Debug|Any CPU
		{54F792E3-1F0A-4D05-8E03-D7F7583E1014}.Graton|Any CPU.Build.0 = Debug|Any CPU
		{54F792E3-1F0A-4D05-8E03-D7F7583E1014}.ElCentro|Any CPU.ActiveCfg = Debug|Any CPU
		{54F792E3-1F0A-4D05-8E03-D7F7583E1014}.ElCentro|Any CPU.Build.0 = Debug|Any CPU
		{54F792E3-1F0A-4D05-8E03-D7F7583E1014}.Concord|Any CPU.ActiveCfg = Debug|Any CPU
		{54F792E3-1F0A-4D05-8E03-D7F7583E1014}.Concord|Any CPU.Build.0 = Debug|Any CPU
		{54F792E3-1F0A-4D05-8E03-D7F7583E1014}.Congreso|Any CPU.ActiveCfg = Debug|Any CPU
		{54F792E3-1F0A-4D05-8E03-D7F7583E1014}.Congreso|Any CPU.Build.0 = Debug|Any CPU
		{54F792E3-1F0A-4D05-8E03-D7F7583E1014}.Alabama|Any CPU.ActiveCfg = Debug|Any CPU
		{54F792E3-1F0A-4D05-8E03-D7F7583E1014}.Alabama|Any CPU.Build.0 = Debug|Any CPU
		{54F792E3-1F0A-4D05-8E03-D7F7583E1014}.WindofSpirit|Any CPU.ActiveCfg = Debug|Any CPU
		{54F792E3-1F0A-4D05-8E03-D7F7583E1014}.WindofSpirit|Any CPU.Build.0 = Debug|Any CPU
		{54F792E3-1F0A-4D05-8E03-D7F7583E1014}.Cel|Any CPU.ActiveCfg = Debug|Any CPU
		{54F792E3-1F0A-4D05-8E03-D7F7583E1014}.Cel|Any CPU.Build.0 = Debug|Any CPU
		{54F792E3-1F0A-4D05-8E03-D7F7583E1014}.localIIS|Any CPU.ActiveCfg = Debug|Any CPU
		{54F792E3-1F0A-4D05-8E03-D7F7583E1014}.localIIS|Any CPU.Build.0 = Debug|Any CPU
		{54F792E3-1F0A-4D05-8E03-D7F7583E1014}.UAT-test|Any CPU.ActiveCfg = Debug|Any CPU
		{54F792E3-1F0A-4D05-8E03-D7F7583E1014}.UAT-test|Any CPU.Build.0 = Debug|Any CPU
		{54F792E3-1F0A-4D05-8E03-D7F7583E1014}.Debug-no_nodejs_build|Any CPU.ActiveCfg = Debug|Any CPU
		{54F792E3-1F0A-4D05-8E03-D7F7583E1014}.Debug-no_nodejs_build|Any CPU.Build.0 = Debug|Any CPU
		{48F672E8-4513-4F7E-A296-C0CCC87F9AA1}.Debug|Any CPU.ActiveCfg = Debug|Any CPU
		{48F672E8-4513-4F7E-A296-C0CCC87F9AA1}.Debug|Any CPU.Build.0 = Debug|Any CPU
		{48F672E8-4513-4F7E-A296-C0CCC87F9AA1}.Release|Any CPU.ActiveCfg = Release|Any CPU
		{48F672E8-4513-4F7E-A296-C0CCC87F9AA1}.Release|Any CPU.Build.0 = Release|Any CPU
		{48F672E8-4513-4F7E-A296-C0CCC87F9AA1}.StageProd|Any CPU.ActiveCfg = StageProd|Any CPU
		{48F672E8-4513-4F7E-A296-C0CCC87F9AA1}.StageProd|Any CPU.Build.0 = StageProd|Any CPU
		{48F672E8-4513-4F7E-A296-C0CCC87F9AA1}.StageTest|Any CPU.ActiveCfg = StageTest|Any CPU
		{48F672E8-4513-4F7E-A296-C0CCC87F9AA1}.StageTest|Any CPU.Build.0 = StageTest|Any CPU
		{48F672E8-4513-4F7E-A296-C0CCC87F9AA1}.CasaLatina|Any CPU.ActiveCfg = CasaLatina|Any CPU
		{48F672E8-4513-4F7E-A296-C0CCC87F9AA1}.CasaLatina|Any CPU.Build.0 = CasaLatina|Any CPU
		{48F672E8-4513-4F7E-A296-C0CCC87F9AA1}.Cloud|Any CPU.ActiveCfg = Cloud|Any CPU
		{48F672E8-4513-4F7E-A296-C0CCC87F9AA1}.Cloud|Any CPU.Build.0 = Cloud|Any CPU
		{48F672E8-4513-4F7E-A296-C0CCC87F9AA1}.MacheteTest|Any CPU.ActiveCfg = MacheteTest|Any CPU
		{48F672E8-4513-4F7E-A296-C0CCC87F9AA1}.MacheteTest|Any CPU.Build.0 = MacheteTest|Any CPU
		{48F672E8-4513-4F7E-A296-C0CCC87F9AA1}.WorkersJustice|Any CPU.ActiveCfg = WorkersJustice|Any CPU
		{48F672E8-4513-4F7E-A296-C0CCC87F9AA1}.WorkersJustice|Any CPU.Build.0 = WorkersJustice|Any CPU
		{48F672E8-4513-4F7E-A296-C0CCC87F9AA1}.PortlandVoz|Any CPU.ActiveCfg = PortlandVoz|Any CPU
		{48F672E8-4513-4F7E-A296-C0CCC87F9AA1}.PortlandVoz|Any CPU.Build.0 = PortlandVoz|Any CPU
		{48F672E8-4513-4F7E-A296-C0CCC87F9AA1}.Southside|Any CPU.ActiveCfg = Southside|Any CPU
		{48F672E8-4513-4F7E-A296-C0CCC87F9AA1}.Southside|Any CPU.Build.0 = Southside|Any CPU
		{48F672E8-4513-4F7E-A296-C0CCC87F9AA1}.DonBosco|Any CPU.ActiveCfg = DonBosco|Any CPU
		{48F672E8-4513-4F7E-A296-C0CCC87F9AA1}.DonBosco|Any CPU.Build.0 = DonBosco|Any CPU
		{48F672E8-4513-4F7E-A296-C0CCC87F9AA1}.CentroHumanitario|Any CPU.ActiveCfg = CentroHumanitario|Any CPU
		{48F672E8-4513-4F7E-A296-C0CCC87F9AA1}.CentroHumanitario|Any CPU.Build.0 = CentroHumanitario|Any CPU
		{48F672E8-4513-4F7E-A296-C0CCC87F9AA1}.SantaCruz|Any CPU.ActiveCfg = SantaCruz|Any CPU
		{48F672E8-4513-4F7E-A296-C0CCC87F9AA1}.SantaCruz|Any CPU.Build.0 = SantaCruz|Any CPU
		{48F672E8-4513-4F7E-A296-C0CCC87F9AA1}.SanFrancisco|Any CPU.ActiveCfg = SanFrancisco|Any CPU
		{48F672E8-4513-4F7E-A296-C0CCC87F9AA1}.SanFrancisco|Any CPU.Build.0 = SanFrancisco|Any CPU
		{48F672E8-4513-4F7E-A296-C0CCC87F9AA1}.Pomona|Any CPU.ActiveCfg = Pomona|Any CPU
		{48F672E8-4513-4F7E-A296-C0CCC87F9AA1}.Pomona|Any CPU.Build.0 = Pomona|Any CPU
		{48F672E8-4513-4F7E-A296-C0CCC87F9AA1}.Pasadena|Any CPU.ActiveCfg = Pasadena|Any CPU
		{48F672E8-4513-4F7E-A296-C0CCC87F9AA1}.Pasadena|Any CPU.Build.0 = Pasadena|Any CPU
		{48F672E8-4513-4F7E-A296-C0CCC87F9AA1}.Nice|Any CPU.ActiveCfg = Nice|Any CPU
		{48F672E8-4513-4F7E-A296-C0CCC87F9AA1}.Nice|Any CPU.Build.0 = Nice|Any CPU
		{48F672E8-4513-4F7E-A296-C0CCC87F9AA1}.MountainView|Any CPU.ActiveCfg = MountainView|Any CPU
		{48F672E8-4513-4F7E-A296-C0CCC87F9AA1}.MountainView|Any CPU.Build.0 = MountainView|Any CPU
		{48F672E8-4513-4F7E-A296-C0CCC87F9AA1}.Hayward|Any CPU.ActiveCfg = Hayward|Any CPU
		{48F672E8-4513-4F7E-A296-C0CCC87F9AA1}.Hayward|Any CPU.Build.0 = Hayward|Any CPU
		{48F672E8-4513-4F7E-A296-C0CCC87F9AA1}.Graton|Any CPU.ActiveCfg = Graton|Any CPU
		{48F672E8-4513-4F7E-A296-C0CCC87F9AA1}.Graton|Any CPU.Build.0 = Graton|Any CPU
		{48F672E8-4513-4F7E-A296-C0CCC87F9AA1}.ElCentro|Any CPU.ActiveCfg = ElCentro|Any CPU
		{48F672E8-4513-4F7E-A296-C0CCC87F9AA1}.ElCentro|Any CPU.Build.0 = ElCentro|Any CPU
		{48F672E8-4513-4F7E-A296-C0CCC87F9AA1}.Concord|Any CPU.ActiveCfg = Concord|Any CPU
		{48F672E8-4513-4F7E-A296-C0CCC87F9AA1}.Concord|Any CPU.Build.0 = Concord|Any CPU
		{48F672E8-4513-4F7E-A296-C0CCC87F9AA1}.Congreso|Any CPU.ActiveCfg = Congreso|Any CPU
		{48F672E8-4513-4F7E-A296-C0CCC87F9AA1}.Congreso|Any CPU.Build.0 = Congreso|Any CPU
		{48F672E8-4513-4F7E-A296-C0CCC87F9AA1}.Alabama|Any CPU.ActiveCfg = Alabama|Any CPU
		{48F672E8-4513-4F7E-A296-C0CCC87F9AA1}.Alabama|Any CPU.Build.0 = Alabama|Any CPU
		{48F672E8-4513-4F7E-A296-C0CCC87F9AA1}.WindofSpirit|Any CPU.ActiveCfg = WindofSpirit|Any CPU
		{48F672E8-4513-4F7E-A296-C0CCC87F9AA1}.WindofSpirit|Any CPU.Build.0 = WindofSpirit|Any CPU
		{48F672E8-4513-4F7E-A296-C0CCC87F9AA1}.Cel|Any CPU.ActiveCfg = Cel|Any CPU
		{48F672E8-4513-4F7E-A296-C0CCC87F9AA1}.Cel|Any CPU.Build.0 = Cel|Any CPU
		{48F672E8-4513-4F7E-A296-C0CCC87F9AA1}.localIIS|Any CPU.ActiveCfg = localIIS|Any CPU
		{48F672E8-4513-4F7E-A296-C0CCC87F9AA1}.localIIS|Any CPU.Build.0 = localIIS|Any CPU
		{48F672E8-4513-4F7E-A296-C0CCC87F9AA1}.UAT-test|Any CPU.ActiveCfg = UAT-test|Any CPU
		{48F672E8-4513-4F7E-A296-C0CCC87F9AA1}.UAT-test|Any CPU.Build.0 = UAT-test|Any CPU
		{48F672E8-4513-4F7E-A296-C0CCC87F9AA1}.Debug-no_nodejs_build|Any CPU.ActiveCfg = Debug-no_nodejs_build|Any CPU
		{48F672E8-4513-4F7E-A296-C0CCC87F9AA1}.Debug-no_nodejs_build|Any CPU.Build.0 = Debug-no_nodejs_build|Any CPU
		{A9F879BC-CA11-4470-A655-8541B5DA41A1}.Debug|Any CPU.ActiveCfg = Debug|Any CPU
		{A9F879BC-CA11-4470-A655-8541B5DA41A1}.Debug|Any CPU.Build.0 = Debug|Any CPU
		{A9F879BC-CA11-4470-A655-8541B5DA41A1}.Release|Any CPU.ActiveCfg = Release|Any CPU
		{A9F879BC-CA11-4470-A655-8541B5DA41A1}.Release|Any CPU.Build.0 = Release|Any CPU
		{A9F879BC-CA11-4470-A655-8541B5DA41A1}.StageProd|Any CPU.ActiveCfg = StageProd|Any CPU
		{A9F879BC-CA11-4470-A655-8541B5DA41A1}.StageProd|Any CPU.Build.0 = StageProd|Any CPU
		{A9F879BC-CA11-4470-A655-8541B5DA41A1}.StageTest|Any CPU.ActiveCfg = StageTest|Any CPU
		{A9F879BC-CA11-4470-A655-8541B5DA41A1}.StageTest|Any CPU.Build.0 = StageTest|Any CPU
		{A9F879BC-CA11-4470-A655-8541B5DA41A1}.CasaLatina|Any CPU.ActiveCfg = CasaLatina|Any CPU
		{A9F879BC-CA11-4470-A655-8541B5DA41A1}.CasaLatina|Any CPU.Build.0 = CasaLatina|Any CPU
		{A9F879BC-CA11-4470-A655-8541B5DA41A1}.Cloud|Any CPU.ActiveCfg = Debug|Any CPU
		{A9F879BC-CA11-4470-A655-8541B5DA41A1}.Cloud|Any CPU.Build.0 = Debug|Any CPU
		{A9F879BC-CA11-4470-A655-8541B5DA41A1}.MacheteTest|Any CPU.ActiveCfg = Debug|Any CPU
		{A9F879BC-CA11-4470-A655-8541B5DA41A1}.MacheteTest|Any CPU.Build.0 = Debug|Any CPU
		{A9F879BC-CA11-4470-A655-8541B5DA41A1}.WorkersJustice|Any CPU.ActiveCfg = WorkersJustice|Any CPU
		{A9F879BC-CA11-4470-A655-8541B5DA41A1}.WorkersJustice|Any CPU.Build.0 = WorkersJustice|Any CPU
		{A9F879BC-CA11-4470-A655-8541B5DA41A1}.PortlandVoz|Any CPU.ActiveCfg = PortlandVoz|Any CPU
		{A9F879BC-CA11-4470-A655-8541B5DA41A1}.PortlandVoz|Any CPU.Build.0 = PortlandVoz|Any CPU
		{A9F879BC-CA11-4470-A655-8541B5DA41A1}.Southside|Any CPU.ActiveCfg = Southside|Any CPU
		{A9F879BC-CA11-4470-A655-8541B5DA41A1}.Southside|Any CPU.Build.0 = Southside|Any CPU
		{A9F879BC-CA11-4470-A655-8541B5DA41A1}.DonBosco|Any CPU.ActiveCfg = DonBosco|Any CPU
		{A9F879BC-CA11-4470-A655-8541B5DA41A1}.DonBosco|Any CPU.Build.0 = DonBosco|Any CPU
		{A9F879BC-CA11-4470-A655-8541B5DA41A1}.CentroHumanitario|Any CPU.ActiveCfg = CentroHumanitario|Any CPU
		{A9F879BC-CA11-4470-A655-8541B5DA41A1}.CentroHumanitario|Any CPU.Build.0 = CentroHumanitario|Any CPU
		{A9F879BC-CA11-4470-A655-8541B5DA41A1}.SantaCruz|Any CPU.ActiveCfg = SantaCruz|Any CPU
		{A9F879BC-CA11-4470-A655-8541B5DA41A1}.SantaCruz|Any CPU.Build.0 = SantaCruz|Any CPU
		{A9F879BC-CA11-4470-A655-8541B5DA41A1}.SanFrancisco|Any CPU.ActiveCfg = SanFrancisco|Any CPU
		{A9F879BC-CA11-4470-A655-8541B5DA41A1}.SanFrancisco|Any CPU.Build.0 = SanFrancisco|Any CPU
		{A9F879BC-CA11-4470-A655-8541B5DA41A1}.Pomona|Any CPU.ActiveCfg = Pomona|Any CPU
		{A9F879BC-CA11-4470-A655-8541B5DA41A1}.Pomona|Any CPU.Build.0 = Pomona|Any CPU
		{A9F879BC-CA11-4470-A655-8541B5DA41A1}.Pasadena|Any CPU.ActiveCfg = Pasadena|Any CPU
		{A9F879BC-CA11-4470-A655-8541B5DA41A1}.Pasadena|Any CPU.Build.0 = Pasadena|Any CPU
		{A9F879BC-CA11-4470-A655-8541B5DA41A1}.Nice|Any CPU.ActiveCfg = Nice|Any CPU
		{A9F879BC-CA11-4470-A655-8541B5DA41A1}.Nice|Any CPU.Build.0 = Nice|Any CPU
		{A9F879BC-CA11-4470-A655-8541B5DA41A1}.MountainView|Any CPU.ActiveCfg = MountainView|Any CPU
		{A9F879BC-CA11-4470-A655-8541B5DA41A1}.MountainView|Any CPU.Build.0 = MountainView|Any CPU
		{A9F879BC-CA11-4470-A655-8541B5DA41A1}.Hayward|Any CPU.ActiveCfg = Hayward|Any CPU
		{A9F879BC-CA11-4470-A655-8541B5DA41A1}.Hayward|Any CPU.Build.0 = Hayward|Any CPU
		{A9F879BC-CA11-4470-A655-8541B5DA41A1}.Graton|Any CPU.ActiveCfg = Graton|Any CPU
		{A9F879BC-CA11-4470-A655-8541B5DA41A1}.Graton|Any CPU.Build.0 = Graton|Any CPU
		{A9F879BC-CA11-4470-A655-8541B5DA41A1}.ElCentro|Any CPU.ActiveCfg = ElCentro|Any CPU
		{A9F879BC-CA11-4470-A655-8541B5DA41A1}.ElCentro|Any CPU.Build.0 = ElCentro|Any CPU
		{A9F879BC-CA11-4470-A655-8541B5DA41A1}.Concord|Any CPU.ActiveCfg = Concord|Any CPU
		{A9F879BC-CA11-4470-A655-8541B5DA41A1}.Concord|Any CPU.Build.0 = Concord|Any CPU
		{A9F879BC-CA11-4470-A655-8541B5DA41A1}.Congreso|Any CPU.ActiveCfg = Congreso|Any CPU
		{A9F879BC-CA11-4470-A655-8541B5DA41A1}.Congreso|Any CPU.Build.0 = Congreso|Any CPU
		{A9F879BC-CA11-4470-A655-8541B5DA41A1}.Alabama|Any CPU.ActiveCfg = Alabama|Any CPU
		{A9F879BC-CA11-4470-A655-8541B5DA41A1}.Alabama|Any CPU.Build.0 = Alabama|Any CPU
		{A9F879BC-CA11-4470-A655-8541B5DA41A1}.WindofSpirit|Any CPU.ActiveCfg = WindofSpirit|Any CPU
		{A9F879BC-CA11-4470-A655-8541B5DA41A1}.WindofSpirit|Any CPU.Build.0 = WindofSpirit|Any CPU
		{A9F879BC-CA11-4470-A655-8541B5DA41A1}.Cel|Any CPU.ActiveCfg = Cel|Any CPU
		{A9F879BC-CA11-4470-A655-8541B5DA41A1}.Cel|Any CPU.Build.0 = Cel|Any CPU
		{A9F879BC-CA11-4470-A655-8541B5DA41A1}.localIIS|Any CPU.ActiveCfg = localIIS|Any CPU
		{A9F879BC-CA11-4470-A655-8541B5DA41A1}.localIIS|Any CPU.Build.0 = localIIS|Any CPU
		{A9F879BC-CA11-4470-A655-8541B5DA41A1}.UAT-test|Any CPU.ActiveCfg = UAT-test|Any CPU
		{A9F879BC-CA11-4470-A655-8541B5DA41A1}.UAT-test|Any CPU.Build.0 = UAT-test|Any CPU
		{A9F879BC-CA11-4470-A655-8541B5DA41A1}.Debug-no_nodejs_build|Any CPU.ActiveCfg = Debug-no_nodejs_build|Any CPU
		{A9F879BC-CA11-4470-A655-8541B5DA41A1}.Debug-no_nodejs_build|Any CPU.Build.0 = Debug-no_nodejs_build|Any CPU
	EndGlobalSection
EndGlobal
